{
  "name": "leadimob-instagram",
  "lockfileVersion": 3,
  "requires": true,
  "packages": {
    "": {
      "name": "leadimob-instagram",
      "dependencies": {
        "@fontsource/inter": "*",
        "motion": "*",
        "playwright": "*",
        "three": "*"
      }
    },
    "node_modules/@fontsource/inter": {
      "version": "5.3.0",
      "resolved": "https://registry.npmjs.org/@fontsource/inter/-/inter-5.3.0.tgz",
      "integrity": "sha512-RofMylZmjlJEfELXeNHFWBRcSs75rGU/6bV2S2jfnvv/3rPXPGe0LgUJTklcHZ9lM4OZmAVFhcJPnACfb91A3g==",
      "license": "OFL-1.1",
      "funding": {
        "url": "https://github.com/sponsors/ayuhito"
      }
    },
    "node_modules/framer-motion": {
      "version": "14.0.0",
      "resolved": "https://registry.npmjs.org/framer-motion/-/framer-motion-14.0.0.tgz",
      "integrity": "sha512-QAtHmybrDFSliyW1sexMtSQTQd+1jw2ajibEmzpuI4XdPVzQkn+dAzJMm2sW3pl9MJuSS4xN51djQ7huhlP/VA==",
      "license": "MIT",
      "dependencies": {
        "motion-dom": "14.0.0",
        "motion-utils": "14.0.0",
        "tslib": "^2.4.0"
      },
      "peerDependencies": {
        "react": "^18.0.0 || ^19.0.0",
        "react-dom": "^18.0.0 || ^19.0.0"
      },
      "peerDependenciesMeta": {
        "react": {
          "optional": true
        },
        "react-dom": {
          "optional": true
        }
      }
    },
    "node_modules/motion": {
      "version": "14.0.0",
      "resolved": "https://registry.npmjs.org/motion/-/motion-14.0.0.tgz",
      "integrity": "sha512-oGc2lkge2lkRZCP+J8/JsnYu4NFjqP1MtXirNdetn3QbvK2JqwM9A200EdT4C598KfzDhjLT12zF21xDM4Oilw==",
      "license": "MIT",
      "dependencies": {
        "framer-motion": "14.0.0",
        "tslib": "^2.4.0"
      },
      "peerDependencies": {
        "react": "^18.0.0 || ^19.0.0",
        "react-dom": "^18.0.0 || ^19.0.0"
      },
      "peerDependenciesMeta": {
        "react": {
          "optional": true
        },
        "react-dom": {
          "optional": true
        }
      }
    },
    "node_modules/motion-dom": {
      "version": "14.0.0",
      "resolved": "https://registry.npmjs.org/motion-dom/-/motion-dom-14.0.0.tgz",
      "integrity": "sha512-aU3ApXo1yTpeUi3JU+jbDk2TELjxPE3MbBMUP7nZHlARb6RweJK+ojmLjpuB0YsY6zhbBl1YWGo8LMsI1/Llqw==",
      "license": "MIT",
      "dependencies": {
        "motion-utils": "14.0.0"
      }
    },
    "node_modules/motion-utils": {
      "version": "14.0.0",
      "resolved": "https://registry.npmjs.org/motion-utils/-/motion-utils-14.0.0.tgz",
      "integrity": "sha512-jBsyjVxTTRZNeuvd/v+btVXr90LQkYl4HhRu9T2ARc+PMnvkmjsjRVeAg4Qm10b6TlTw+kykWI8gu/6LuvpLSQ==",
      "license": "MIT"
    },
    "node_modules/playwright": {
      "version": "1.63.0",
      "resolved": "https://registry.npmjs.org/playwright/-/playwright-1.63.0.tgz",
      "integrity": "sha512-+7ziBLidS4NaNCdt57SUDT+wYmmd5fmiQejUic/kb+YsYSCPyOOE9sebzMjNmQrsnNpDJqd4WHvV/8lfKfUDUg==",
      "license": "Apache-2.0",
      "dependencies": {
        "playwright-core": "1.63.0"
      },
      "bin": {
        "playwright": "cli.js"
      },
      "engines": {
        "node": ">=20"
      }
    },
    "node_modules/playwright-core": {
      "version": "1.63.0",
      "resolved": "https://registry.npmjs.org/playwright-core/-/playwright-core-1.63.0.tgz",
      "integrity": "sha512-rYCsBF/M5HjUch52bbtVONEFjv6Xu8sm8h72dNlR5bzIE1fvC/bxgspzkjSfU+MweEMmPM8KJebG6nnyxo5mCg==",
      "license": "Apache-2.0",
      "bin": {
        "playwright-core": "cli.js"
      },
      "engines": {
        "node": ">=20"
      }
    },
    "node_modules/three": {
      "version": "0.186.1",
      "resolved": "https://registry.npmjs.org/three/-/three-0.186.1.tgz",
      "integrity": "sha512-blFeqb49wRCSGUGj7gtpfnSGHy2lwDk94RhUmS1c/hTby70kvChbWpkJ4Pm1390LqzzvTmzgXKHPEafJwCb8jA==",
      "license": "MIT"
    },
    "node_modules/tslib": {
      "version": "2.8.1",
      "resolved": "https://registry.npmjs.org/tslib/-/tslib-2.8.1.tgz",
      "integrity": "sha512-oJFu94HQb+KVduSUQL7wnpmqnfmLsOA/nAh6b6EH0wCEoK0/mPeXU6c3wKDV83MkOuHPRHtSXKKU99IBazS/2w==",
      "license": "0BSD"
    }
  }
}
